
Microsoft Visual Studio Solution File, Format Version 12.00
# Visual Studio Version 17
VisualStudioVersion = 17.5.002.0
MinimumVisualStudioVersion = 10.0.40219.1
Project("{2150E333-8FDC-42A3-9474-1A3956D46DE8}") = "csharp-prep", "csharp-prep", "{FBE85819-94FA-4D51-BEB9-E774524AE50C}"
EndProject
Project("{9A19103F-16F7-4668-BE54-9A1E7A4F7556}") = "Prep1", "csharp-prep\Prep1\Prep1.csproj", "{9B6D1B4B-F970-4B3C-A0C6-5A01D8001264}"
EndProject
Project("{9A19103F-16F7-4668-BE54-9A1E7A4F7556}") = "Prep2", "csharp-prep\Prep2\Prep2.csproj", "{FD51E18C-43A6-4A18-8993-45593D797A89}"
EndProject
Project("{9A19103F-16F7-4668-BE54-9A1E7A4F7556}") = "Prep3", "csharp-prep\Prep3\Prep3.csproj", "{FD5D07E4-DC00-4AF2-9B8C-2A13C23A759E}"
EndProject
Project("{9A19103F-16F7-4668-BE54-9A1E7A4F7556}") = "Prep4", "csharp-prep\Prep4\Prep4.csproj", "{A909526E-6416-48E1-BB20-9A19AEA7E72B}"
EndProject
Project("{9A19103F-16F7-4668-BE54-9A1E7A4F7556}") = "Prep5", "csharp-prep\Prep5\Prep5.csproj", "{70DDC729-4E39-481B-88EE-669911FF93CE}"
EndProject
Project("{2150E333-8FDC-42A3-9474-1A3956D46DE8}") = "final", "final", "{18B14D49-CF20-47BE-ADA1-66BEED9F998E}"
EndProject
Project("{9A19103F-16F7-4668-BE54-9A1E7A4F7556}") = "FinalProject", "final\FinalProject\FinalProject.csproj", "{282EECF9-2860-45EE-B78E-91E8487D5D7C}"
EndProject
Project("{9A19103F-16F7-4668-BE54-9A1E7A4F7556}") = "Foundation1", "final\Foundation1\Foundation1.csproj", "{2BF5DB0E-DCE6-4A37-B3D1-1EDA1CFE1A77}"
EndProject
Project("{9A19103F-16F7-4668-BE54-9A1E7A4F7556}") = "Foundation2", "final\Foundation2\Foundation2.csproj", "{38E951A0-3453-41FE-9E9C-EE2BC303A867}"
EndProject
Project("{9A19103F-16F7-4668-BE54-9A1E7A4F7556}") = "Foundation3", "final\Foundation3\Foundation3.csproj", "{53690EE7-BE53-49C9-8C31-FC77F7FE68BB}"
EndProject
Project("{9A19103F-16F7-4668-BE54-9A1E7A4F7556}") = "Foundation4", "final\Foundation4\Foundation4.csproj", "{CDD50387-54DE-4167-A7E4-F9818B35B91F}"
EndProject
Project("{2150E333-8FDC-42A3-9474-1A3956D46DE8}") = "prepare", "prepare", "{955992C0-E279-4896-8D62-37F94E161E8D}"
EndProject
Project("{9A19103F-16F7-4668-BE54-9A1E7A4F7556}") = "Learning02", "prepare\Learning02\Learning02.csproj", "{D5E4C2D1-C674-49F5-A08D-18F3F049BE0A}"
EndProject
Project("{9A19103F-16F7-4668-BE54-9A1E7A4F7556}") = "Learning03", "prepare\Learning03\Learning03.csproj", "{7AC44AE7-E05B-4E40-9839-1A23E0CD4F9B}"
EndProject
Project("{9A19103F-16F7-4668-BE54-9A1E7A4F7556}") = "Learning04", "prepare\Learning04\Learning04.csproj", "{5A26B226-FC4E-49F6-8491-9EC85AEE1D02}"
EndProject
Project("{9A19103F-16F7-4668-BE54-9A1E7A4F7556}") = "Learning05", "prepare\Learning05\Learning05.csproj", "{97DE22F2-D970-4580-827F-8D72BF09C63E}"
EndProject
Project("{2150E333-8FDC-42A3-9474-1A3956D46DE8}") = "prove", "prove", "{6CDEB410-03BD-46A6-AAED-B4788B92D602}"
EndProject
Project("{9A19103F-16F7-4668-BE54-9A1E7A4F7556}") = "Develop02", "prove\Develop02\Develop02.csproj", "{9A6E2738-0C33-4819-BED5-68144B2F67C1}"
EndProject
Project("{9A19103F-16F7-4668-BE54-9A1E7A4F7556}") = "Develop03", "prove\Develop03\Develop03.csproj", "{F784E639-0173-4792-B877-D94BEB0DF9B5}"
EndProject
Project("{9A19103F-16F7-4668-BE54-9A1E7A4F7556}") = "Develop04", "prove\Develop04\Develop04.csproj", "{BD3274CA-53D0-4D5E-9EFA-61AA70B0D194}"
EndProject
Project("{9A19103F-16F7-4668-BE54-9A1E7A4F7556}") = "Develop05", "prove\Develop05\Develop05.csproj", "{4FFF918C-6C2D-41E8-B50C-932B088D1B15}"
EndProject
Project("{2150E333-8FDC-42A3-9474-1A3956D46DE8}") = "sandbox", "sandbox", "{AEBC97D4-FD0A-44FF-8046-86B3E722D899}"
EndProject
Project("{9A19103F-16F7-4668-BE54-9A1E7A4F7556}") = "Sandbox", "sandbox\Sandbox\Sandbox.csproj", "{3B63909F-98C3-4551-B692-BBC4CB8EFEFB}"
EndProject
Global
	GlobalSection(SolutionConfigurationPlatforms) = preSolution
		Debug|Any CPU = Debug|Any CPU
		Release|Any CPU = Release|Any CPU
	EndGlobalSection
	GlobalSection(ProjectConfigurationPlatforms) = postSolution
		{9B6D1B4B-F970-4B3C-A0C6-5A01D8001264}.Debug|Any CPU.ActiveCfg = Debug|Any CPU
		{9B6D1B4B-F970-4B3C-A0C6-5A01D8001264}.Debug|Any CPU.Build.0 = Debug|Any CPU
		{9B6D1B4B-F970-4B3C-A0C6-5A01D8001264}.Release|Any CPU.ActiveCfg = Release|Any CPU
		{9B6D1B4B-F970-4B3C-A0C6-5A01D8001264}.Release|Any CPU.Build.0 = Release|Any CPU
		{FD51E18C-43A6-4A18-8993-45593D797A89}.Debug|Any CPU.ActiveCfg = Debug|Any CPU
		{FD51E18C-43A6-4A18-8993-45593D797A89}.Debug|Any CPU.Build.0 = Debug|Any CPU
		{FD51E18C-43A6-4A18-8993-45593D797A89}.Release|Any CPU.ActiveCfg = Release|Any CPU
		{FD51E18C-43A6-4A18-8993-45593D797A89}.Release|Any CPU.Build.0 = Release|Any CPU
		{FD5D07E4-DC00-4AF2-9B8C-2A13C23A759E}.Debug|Any CPU.ActiveCfg = Debug|Any CPU
		{FD5D07E4-DC00-4AF2-9B8C-2A13C23A759E}.Debug|Any CPU.Build.0 = Debug|Any CPU
		{FD5D07E4-DC00-4AF2-9B8C-2A13C23A759E}.Release|Any CPU.ActiveCfg = Release|Any CPU
		{FD5D07E4-DC00-4AF2-9B8C-2A13C23A759E}.Release|Any CPU.Build.0 = Release|Any CPU
		{A909526E-6416-48E1-BB20-9A19AEA7E72B}.Debug|Any CPU.ActiveCfg = Debug|Any CPU
		{A909526E-6416-48E1-BB20-9A19AEA7E72B}.Debug|Any CPU.Build.0 = Debug|Any CPU
		{A909526E-6416-48E1-BB20-9A19AEA7E72B}.Release|Any CPU.ActiveCfg = Release|Any CPU
		{A909526E-6416-48E1-BB20-9A19AEA7E72B}.Release|Any CPU.Build.0 = Release|Any CPU
		{70DDC729-4E39-481B-88EE-669911FF93CE}.Debug|Any CPU.ActiveCfg = Debug|Any CPU
		{70DDC729-4E39-481B-88EE-669911FF93CE}.Debug|Any CPU.Build.0 = Debug|Any CPU
		{70DDC729-4E39-481B-88EE-669911FF93CE}.Release|Any CPU.ActiveCfg = Release|Any CPU
		{70DDC729-4E39-481B-88EE-669911FF93CE}.Release|Any CPU.Build.0 = Release|Any CPU
		{282EECF9-2860-45EE-B78E-91E8487D5D7C}.Debug|Any CPU.ActiveCfg = Debug|Any CPU
		{282EECF9-2860-45EE-B78E-91E8487D5D7C}.Debug|Any CPU.Build.0 = Debug|Any CPU
		{282EECF9-2860-45EE-B78E-91E8487D5D7C}.Release|Any CPU.ActiveCfg = Release|Any CPU
		{282EECF9-2860-45EE-B78E-91E8487D5D7C}.Release|Any CPU.Build.0 = Release|Any CPU
		{2BF5DB0E-DCE6-4A37-B3D1-1EDA1CFE1A77}.Debug|Any CPU.ActiveCfg = Debug|Any CPU
		{2BF5DB0E-DCE6-4A37-B3D1-1EDA1CFE1A77}.Debug|Any CPU.Build.0 = Debug|Any CPU
		{2BF5DB0E-DCE6-4A37-B3D1-1EDA1CFE1A77}.Release|Any CPU.ActiveCfg = Release|Any CPU
		{2BF5DB0E-DCE6-4A37-B3D1-1EDA1CFE1A77}.Release|Any CPU.Build.0 = Release|Any CPU
		{38E951A0-3453-41FE-9E9C-EE2BC303A867}.Debug|Any CPU.ActiveCfg = Debug|Any CPU
		{38E951A0-3453-41FE-9E9C-EE2BC303A867}.Debug|Any CPU.Build.0 = Debug|Any CPU
		{38E951A0-3453-41FE-9E9C-EE2BC303A867}.Release|Any CPU.ActiveCfg = Release|Any CPU
		{38E951A0-3453-41FE-9E9C-EE2BC303A867}.Release|Any CPU.Build.0 = Release|Any CPU
		{53690EE7-BE53-49C9-8C31-FC77F7FE68BB}.Debug|Any CPU.ActiveCfg = Debug|Any CPU
		{53690EE7-BE53-49C9-8C31-FC77F7FE68BB}.Debug|Any CPU.Build.0 = Debug|Any CPU
		{53690EE7-BE53-49C9-8C31-FC77F7FE68BB}.Release|Any CPU.ActiveCfg = Release|Any CPU
		{53690EE7-BE53-49C9-8C31-FC77F7FE68BB}.Release|Any CPU.Build.0 = Release|Any CPU
		{CDD50387-54DE-4167-A7E4-F9818B35B91F}.Debug|Any CPU.ActiveCfg = Debug|Any CPU
		{CDD50387-54DE-4167-A7E4-F9818B35B91F}.Debug|Any CPU.Build.0 = Debug|Any CPU
		{CDD50387-54DE-4167-A7E4-F9818B35B91F}.Release|Any CPU.ActiveCfg = Release|Any CPU
		{CDD50387-54DE-4167-A7E4-F9818B35B91F}.Release|Any CPU.Build.0 = Release|Any CPU
		{D5E4C2D1-C674-49F5-A08D-18F3F049BE0A}.Debug|Any CPU.ActiveCfg = Debug|Any CPU
		{D5E4C2D1-C674-49F5-A08D-18F3F049BE0A}.Debug|Any CPU.Build.0 = Debug|Any CPU
		{D5E4C2D1-C674-49F5-A08D-18F3F049BE0A}.Release|Any CPU.ActiveCfg = Release|Any CPU
		{D5E4C2D1-C674-49F5-A08D-18F3F049BE0A}.Release|Any CPU.Build.0 = Release|Any CPU
		{7AC44AE7-E05B-4E40-9839-1A23E0CD4F9B}.Debug|Any CPU.ActiveCfg = Debug|Any CPU
		{7AC44AE7-E05B-4E40-9839-1A23E0CD4F9B}.Debug|Any CPU.Build.0 = Debug|Any CPU
		{7AC44AE7-E05B-4E40-9839-1A23E0CD4F9B}.Release|Any CPU.ActiveCfg = Release|Any CPU
		{7AC44AE7-E05B-4E40-9839-1A23E0CD4F9B}.Release|Any CPU.Build.0 = Release|Any CPU
		{5A26B226-FC4E-49F6-8491-9EC85AEE1D02}.Debug|Any CPU.ActiveCfg = Debug|Any CPU
		{5A26B226-FC4E-49F6-8491-9EC85AEE1D02}.Debug|Any CPU.Build.0 = Debug|Any CPU
		{5A26B226-FC4E-49F6-8491-9EC85AEE1D02}.Release|Any CPU.ActiveCfg = Release|Any CPU
		{5A26B226-FC4E-49F6-8491-9EC85AEE1D02}.Release|Any CPU.Build.0 = Release|Any CPU
		{97DE22F2-D970-4580-827F-8D72BF09C63E}.Debug|Any CPU.ActiveCfg = Debug|Any CPU
		{97DE22F2-D970-4580-827F-8D72BF09C63E}.Debug|Any CPU.Build.0 = Debug|Any CPU
		{97DE22F2-D970-4580-827F-8D72BF09C63E}.Release|Any CPU.ActiveCfg = Release|Any CPU
		{97DE22F2-D970-4580-827F-8D72BF09C63E}.Release|Any CPU.Build.0 = Release|Any CPU
		{9A6E2738-0C33-4819-BED5-68144B2F67C1}.Debug|Any CPU.ActiveCfg = Debug|Any CPU
		{9A6E2738-0C33-4819-BED5-68144B2F67C1}.Debug|Any CPU.Build.0 = Debug|Any CPU
		{9A6E2738-0C33-4819-BED5-68144B2F67C1}.Release|Any CPU.ActiveCfg = Release|Any CPU
		{9A6E2738-0C33-4819-BED5-68144B2F67C1}.Release|Any CPU.Build.0 = Release|Any CPU
		{F784E639-0173-4792-B877-D94BEB0DF9B5}.Debug|Any CPU.ActiveCfg = Debug|Any CPU
		{F784E639-0173-4792-B877-D94BEB0DF9B5}.Debug|Any CPU.Build.0 = Debug|Any CPU
		{F784E639-0173-4792-B877-D94BEB0DF9B5}.Release|Any CPU.ActiveCfg = Release|Any CPU
		{F784E639-0173-4792-B877-D94BEB0DF9B5}.Release|Any CPU.Build.0 = Release|Any CPU
		{BD3274CA-53D0-4D5E-9EFA-61AA70B0D194}.Debug|Any CPU.ActiveCfg = Debug|Any CPU
		{BD3274CA-53D0-4D5E-9EFA-61AA70B0D194}.Debug|Any CPU.Build.0 = Debug|Any CPU
		{BD3274CA-53D0-4D5E-9EFA-61AA70B0D194}.Release|Any CPU.ActiveCfg = Release|Any CPU
		{BD3274CA-53D0-4D5E-9EFA-61AA70B0D194}.Release|Any CPU.Build.0 = Release|Any CPU
		{4FFF918C-6C2D-41E8-B50C-932B088D1B15}.Debug|Any CPU.ActiveCfg = Debug|Any CPU
		{4FFF918C-6C2D-41E8-B50C-932B088D1B15}.Debug|Any CPU.Build.0 = Debug|Any CPU
		{4FFF918C-6C2D-41E8-B50C-932B088D1B15}.Release|Any CPU.ActiveCfg = Release|Any CPU
		{4FFF918C-6C2D-41E8-B50C-932B088D1B15}.Release|Any CPU.Build.0 = Release|Any CPU
		{3B63909F-98C3-4551-B692-BBC4CB8EFEFB}.Debug|Any CPU.ActiveCfg = Debug|Any CPU
		{3B63909F-98C3-4551-B692-BBC4CB8EFEFB}.Debug|Any CPU.Build.0 = Debug|Any CPU
		{3B63909F-98C3-4551-B692-BBC4CB8EFEFB}.Release|Any CPU.ActiveCfg = Release|Any CPU
		{3B63909F-98C3-4551-B692-BBC4CB8EFEFB}.Release|Any CPU.Build.0 = Release|Any CPU
	EndGlobalSection
	GlobalSection(SolutionProperties) = preSolution
		HideSolutionNode = FALSE
	EndGlobalSection
	GlobalSection(NestedProjects) = preSolution
		{9B6D1B4B-F970-4B3C-A0C6-5A01D8001264} = {FBE85819-94FA-4D51-BEB9-E774524AE50C}
		{FD51E18C-43A6-4A18-8993-45593D797A89} = {FBE85819-94FA-4D51-BEB9-E774524AE50C}
		{FD5D07E4-DC00-4AF2-9B8C-2A13C23A759E} = {FBE85819-94FA-4D51-BEB9-E774524AE50C}
		{A909526E-6416-48E1-BB20-9A19AEA7E72B} = {FBE85819-94FA-4D51-BEB9-E774524AE50C}
		{70DDC729-4E39-481B-88EE-669911FF93CE} = {FBE85819-94FA-4D51-BEB9-E774524AE50C}
		{282EECF9-2860-45EE-B78E-91E8487D5D7C} = {18B14D49-CF20-47BE-ADA1-66BEED9F998E}
		{2BF5DB0E-DCE6-4A37-B3D1-1EDA1CFE1A77} = {18B14D49-CF20-47BE-ADA1-66BEED9F998E}
		{38E951A0-3453-41FE-9E9C-EE2BC303A867} = {18B14D49-CF20-47BE-ADA1-66BEED9F998E}
		{53690EE7-BE53-49C9-8C31-FC77F7FE68BB} = {18B14D49-CF20-47BE-ADA1-66BEED9F998E}
		{CDD50387-54DE-4167-A7E4-F9818B35B91F} = {18B14D49-CF20-47BE-ADA1-66BEED9F998E}
		{D5E4C2D1-C674-49F5-A08D-18F3F049BE0A} = {955992C0-E279-4896-8D62-37F94E161E8D}
		{7AC44AE7-E05B-4E40-9839-1A23E0CD4F9B} = {955992C0-E279-4896-8D62-37F94E161E8D}
		{5A26B226-FC4E-49F6-8491-9EC85AEE1D02} = {955992C0-E279-4896-8D62-37F94E161E8D}
		{97DE22F2-D970-4580-827F-8D72BF09C63E} = {955992C0-E279-4896-8D62-37F94E161E8D}
		{9A6E2738-0C33-4819-BED5-68144B2F67C1} = {6CDEB410-03BD-46A6-AAED-B4788B92D602}
		{F784E639-0173-4792-B877-D94BEB0DF9B5} = {6CDEB410-03BD-46A6-AAED-B4788B92D602}
		{BD3274CA-53D0-4D5E-9EFA-61AA70B0D194} = {6CDEB410-03BD-46A6-AAED-B4788B92D602}
		{4FFF918C-6C2D-41E8-B50C-932B088D1B15} = {6CDEB410-03BD-46A6-AAED-B4788B92D602}
		{3B63909F-98C3-4551-B692-BBC4CB8EFEFB} = {AEBC97D4-FD0A-44FF-8046-86B3E722D899}
	EndGlobalSection
	GlobalSection(ExtensibilityGlobals) = postSolution
		SolutionGuid = {A9C710A7-6BB8-4EE5-BA44-55B6F0F97886}
	EndGlobalSection
EndGlobal
