
Microsoft Visual Studio Solution File, Format Version 12.00
# Visual Studio Version 17
VisualStudioVersion = 17.5.002.0
MinimumVisualStudioVersion = 10.0.40219.1
Project("{9A19103F-16F7-4668-BE54-9A1E7A4F7556}") = "Develop02", "Develop02.csproj", "{CF427446-6156-4406-B6DD-8E4378FF34EE}"
EndProject
Global
	GlobalSection(SolutionConfigurationPlatforms) = preSolution
		Debug|Any CPU = Debug|Any CPU
		Release|Any CPU = Release|Any CPU
	EndGlobalSection
	GlobalSection(ProjectConfigurationPlatforms) = postSolution
		{CF427446-6156-4406-B6DD-8E4378FF34EE}.Debug|Any CPU.ActiveCfg = Debug|Any CPU
		{CF427446-6156-4406-B6DD-8E4378FF34EE}.Debug|Any CPU.Build.0 = Debug|Any CPU
		{CF427446-6156-4406-B6DD-8E4378FF34EE}.Release|Any CPU.ActiveCfg = Release|Any CPU
		{CF427446-6156-4406-B6DD-8E4378FF34EE}.Release|Any CPU.Build.0 = Release|Any CPU
	EndGlobalSection
	GlobalSection(SolutionProperties) = preSolution
		HideSolutionNode = FALSE
	EndGlobalSection
	GlobalSection(ExtensibilityGlobals) = postSolution
		SolutionGuid = {05150B16-4FA8-41AC-B611-6172BF4F2018}
	EndGlobalSection
EndGlobal
