
Microsoft Visual Studio Solution File, Format Version 12.00
# Visual Studio Version 17
VisualStudioVersion = 17.5.002.0
MinimumVisualStudioVersion = 10.0.40219.1
Project("{9A19103F-16F7-4668-BE54-9A1E7A4F7556}") = "Learning02", "Learning02.csproj", "{9C1C44A5-9FFE-4578-A553-2A8D6C6B50B5}"
EndProject
Global
	GlobalSection(SolutionConfigurationPlatforms) = preSolution
		Debug|Any CPU = Debug|Any CPU
		Release|Any CPU = Release|Any CPU
	EndGlobalSection
	GlobalSection(ProjectConfigurationPlatforms) = postSolution
		{9C1C44A5-9FFE-4578-A553-2A8D6C6B50B5}.Debug|Any CPU.ActiveCfg = Debug|Any CPU
		{9C1C44A5-9FFE-4578-A553-2A8D6C6B50B5}.Debug|Any CPU.Build.0 = Debug|Any CPU
		{9C1C44A5-9FFE-4578-A553-2A8D6C6B50B5}.Release|Any CPU.ActiveCfg = Release|Any CPU
		{9C1C44A5-9FFE-4578-A553-2A8D6C6B50B5}.Release|Any CPU.Build.0 = Release|Any CPU
	EndGlobalSection
	GlobalSection(SolutionProperties) = preSolution
		HideSolutionNode = FALSE
	EndGlobalSection
	GlobalSection(ExtensibilityGlobals) = postSolution
		SolutionGuid = {96667223-EFBF-4969-A51F-DF6CE982C663}
	EndGlobalSection
EndGlobal
